// !$*UTF8*$!
{
	archiveVersion = 1;
	classes = {
	};
	objectVersion = 46;
	objects = {

/* Begin PBXBuildFile section */
		9F1F15A314AEB1BF0043AEED /* NYTimesCongress.h in Headers */ = {isa = PBXBuildFile; fileRef = 9F1F15A114AEB1BF0043AEED /* NYTimesCongress.h */; };
		9F1F15A414AEB1BF0043AEED /* NYTimesCongress.m in Sources */ = {isa = PBXBuildFile; fileRef = 9F1F15A214AEB1BF0043AEED /* NYTimesCongress.m */; };
		9F1F15A814AEB41C0043AEED /* _Congress.h in Headers */ = {isa = PBXBuildFile; fileRef = 9F1F15A614AEB41C0043AEED /* _Congress.h */; };
		9F1F15A914AEB41C0043AEED /* _Congress.m in Sources */ = {isa = PBXBuildFile; fileRef = 9F1F15A714AEB41C0043AEED /* _Congress.m */; };
		9F73915E14B52FD20033A1DA /* NYTimesDistricts.h in Headers */ = {isa = PBXBuildFile; fileRef = 9F73915C14B52FD20033A1DA /* NYTimesDistricts.h */; };
		9F73915F14B52FD20033A1DA /* NYTimesDistricts.m in Sources */ = {isa = PBXBuildFile; fileRef = 9F73915D14B52FD20033A1DA /* NYTimesDistricts.m */; };
		9F73916314B532450033A1DA /* _Districts.h in Headers */ = {isa = PBXBuildFile; fileRef = 9F73916114B532450033A1DA /* _Districts.h */; };
		9F73916414B532450033A1DA /* _Districts.m in Sources */ = {isa = PBXBuildFile; fileRef = 9F73916214B532450033A1DA /* _Districts.m */; };
		9F73916714B544EF0033A1DA /* _DistrictsTests.m in Sources */ = {isa = PBXBuildFile; fileRef = 9F73916614B544EF0033A1DA /* _DistrictsTests.m */; };
		9F73916A14B54B350033A1DA /* NYTimesEventListings.h in Headers */ = {isa = PBXBuildFile; fileRef = 9F73916814B54B350033A1DA /* NYTimesEventListings.h */; };
		9F73916B14B54B350033A1DA /* NYTimesEventListings.m in Sources */ = {isa = PBXBuildFile; fileRef = 9F73916914B54B350033A1DA /* NYTimesEventListings.m */; };
		9F73916E14B54C340033A1DA /* _EventListings.h in Headers */ = {isa = PBXBuildFile; fileRef = 9F73916C14B54C340033A1DA /* _EventListings.h */; };
		9F73916F14B54C340033A1DA /* _EventListings.m in Sources */ = {isa = PBXBuildFile; fileRef = 9F73916D14B54C340033A1DA /* _EventListings.m */; };
		9F73917214B55C4E0033A1DA /* _EventListingsTests.m in Sources */ = {isa = PBXBuildFile; fileRef = 9F73917114B55C4E0033A1DA /* _EventListingsTests.m */; };
		9F749C4D1489B016009E1372 /* Foundation.framework in Frameworks */ = {isa = PBXBuildFile; fileRef = 9F749C4C1489B016009E1372 /* Foundation.framework */; };
		9F749C531489B016009E1372 /* NYTimesWrapper.m in Sources */ = {isa = PBXBuildFile; fileRef = 9F749C521489B016009E1372 /* NYTimesWrapper.m */; };
		9F749C5B1489B016009E1372 /* SenTestingKit.framework in Frameworks */ = {isa = PBXBuildFile; fileRef = 9F749C5A1489B016009E1372 /* SenTestingKit.framework */; };
		9F749C5D1489B016009E1372 /* UIKit.framework in Frameworks */ = {isa = PBXBuildFile; fileRef = 9F749C5C1489B016009E1372 /* UIKit.framework */; };
		9F749C5E1489B016009E1372 /* Foundation.framework in Frameworks */ = {isa = PBXBuildFile; fileRef = 9F749C4C1489B016009E1372 /* Foundation.framework */; };
		9F749C611489B016009E1372 /* libNYTimesWrapper.a in Frameworks */ = {isa = PBXBuildFile; fileRef = 9F749C491489B016009E1372 /* libNYTimesWrapper.a */; };
		9F749C671489B016009E1372 /* InfoPlist.strings in Resources */ = {isa = PBXBuildFile; fileRef = 9F749C651489B016009E1372 /* InfoPlist.strings */; };
		9F749C6A1489B016009E1372 /* NYTimesWrapperTests.m in Sources */ = {isa = PBXBuildFile; fileRef = 9F749C691489B016009E1372 /* NYTimesWrapperTests.m */; };
		9F7F3F7E14B14D9D00CAA54E /* _CongressTests.m in Sources */ = {isa = PBXBuildFile; fileRef = 9F7F3F7D14B14D9D00CAA54E /* _CongressTests.m */; };
		9F99BA98148BF2A100F2AC6F /* NSObject+SBJson.h in Headers */ = {isa = PBXBuildFile; fileRef = 9F99BA7F148BF2A100F2AC6F /* NSObject+SBJson.h */; };
		9F99BA99148BF2A100F2AC6F /* NSObject+SBJson.m in Sources */ = {isa = PBXBuildFile; fileRef = 9F99BA80148BF2A100F2AC6F /* NSObject+SBJson.m */; };
		9F99BA9A148BF2A100F2AC6F /* SBJson.h in Headers */ = {isa = PBXBuildFile; fileRef = 9F99BA81148BF2A100F2AC6F /* SBJson.h */; };
		9F99BA9B148BF2A100F2AC6F /* SBJsonParser.h in Headers */ = {isa = PBXBuildFile; fileRef = 9F99BA82148BF2A100F2AC6F /* SBJsonParser.h */; };
		9F99BA9C148BF2A100F2AC6F /* SBJsonParser.m in Sources */ = {isa = PBXBuildFile; fileRef = 9F99BA83148BF2A100F2AC6F /* SBJsonParser.m */; };
		9F99BA9D148BF2A100F2AC6F /* SBJsonStreamParser.h in Headers */ = {isa = PBXBuildFile; fileRef = 9F99BA84148BF2A100F2AC6F /* SBJsonStreamParser.h */; };
		9F99BA9E148BF2A100F2AC6F /* SBJsonStreamParser.m in Sources */ = {isa = PBXBuildFile; fileRef = 9F99BA85148BF2A100F2AC6F /* SBJsonStreamParser.m */; };
		9F99BA9F148BF2A100F2AC6F /* SBJsonStreamParserAccumulator.h in Headers */ = {isa = PBXBuildFile; fileRef = 9F99BA86148BF2A100F2AC6F /* SBJsonStreamParserAccumulator.h */; };
		9F99BAA0148BF2A100F2AC6F /* SBJsonStreamParserAccumulator.m in Sources */ = {isa = PBXBuildFile; fileRef = 9F99BA87148BF2A100F2AC6F /* SBJsonStreamParserAccumulator.m */; };
		9F99BAA1148BF2A100F2AC6F /* SBJsonStreamParserAdapter.h in Headers */ = {isa = PBXBuildFile; fileRef = 9F99BA88148BF2A100F2AC6F /* SBJsonStreamParserAdapter.h */; };
		9F99BAA2148BF2A100F2AC6F /* SBJsonStreamParserAdapter.m in Sources */ = {isa = PBXBuildFile; fileRef = 9F99BA89148BF2A100F2AC6F /* SBJsonStreamParserAdapter.m */; };
		9F99BAA3148BF2A100F2AC6F /* SBJsonStreamParserState.h in Headers */ = {isa = PBXBuildFile; fileRef = 9F99BA8A148BF2A100F2AC6F /* SBJsonStreamParserState.h */; };
		9F99BAA4148BF2A100F2AC6F /* SBJsonStreamParserState.m in Sources */ = {isa = PBXBuildFile; fileRef = 9F99BA8B148BF2A100F2AC6F /* SBJsonStreamParserState.m */; };
		9F99BAA5148BF2A100F2AC6F /* SBJsonStreamWriter.h in Headers */ = {isa = PBXBuildFile; fileRef = 9F99BA8C148BF2A100F2AC6F /* SBJsonStreamWriter.h */; };
		9F99BAA6148BF2A100F2AC6F /* SBJsonStreamWriter.m in Sources */ = {isa = PBXBuildFile; fileRef = 9F99BA8D148BF2A100F2AC6F /* SBJsonStreamWriter.m */; };
		9F99BAA7148BF2A100F2AC6F /* SBJsonStreamWriterAccumulator.h in Headers */ = {isa = PBXBuildFile; fileRef = 9F99BA8E148BF2A100F2AC6F /* SBJsonStreamWriterAccumulator.h */; };
		9F99BAA8148BF2A100F2AC6F /* SBJsonStreamWriterAccumulator.m in Sources */ = {isa = PBXBuildFile; fileRef = 9F99BA8F148BF2A100F2AC6F /* SBJsonStreamWriterAccumulator.m */; };
		9F99BAA9148BF2A100F2AC6F /* SBJsonStreamWriterState.h in Headers */ = {isa = PBXBuildFile; fileRef = 9F99BA90148BF2A100F2AC6F /* SBJsonStreamWriterState.h */; };
		9F99BAAA148BF2A100F2AC6F /* SBJsonStreamWriterState.m in Sources */ = {isa = PBXBuildFile; fileRef = 9F99BA91148BF2A100F2AC6F /* SBJsonStreamWriterState.m */; };
		9F99BAAB148BF2A100F2AC6F /* SBJsonTokeniser.h in Headers */ = {isa = PBXBuildFile; fileRef = 9F99BA92148BF2A100F2AC6F /* SBJsonTokeniser.h */; };
		9F99BAAC148BF2A100F2AC6F /* SBJsonTokeniser.m in Sources */ = {isa = PBXBuildFile; fileRef = 9F99BA93148BF2A100F2AC6F /* SBJsonTokeniser.m */; };
		9F99BAAD148BF2A100F2AC6F /* SBJsonUTF8Stream.h in Headers */ = {isa = PBXBuildFile; fileRef = 9F99BA94148BF2A100F2AC6F /* SBJsonUTF8Stream.h */; };
		9F99BAAE148BF2A100F2AC6F /* SBJsonUTF8Stream.m in Sources */ = {isa = PBXBuildFile; fileRef = 9F99BA95148BF2A100F2AC6F /* SBJsonUTF8Stream.m */; };
		9F99BAAF148BF2A100F2AC6F /* SBJsonWriter.h in Headers */ = {isa = PBXBuildFile; fileRef = 9F99BA96148BF2A100F2AC6F /* SBJsonWriter.h */; };
		9F99BAB0148BF2A100F2AC6F /* SBJsonWriter.m in Sources */ = {isa = PBXBuildFile; fileRef = 9F99BA97148BF2A100F2AC6F /* SBJsonWriter.m */; };
		9F99BAB7148C544400F2AC6F /* NYTimesWrapperBase.h in Headers */ = {isa = PBXBuildFile; fileRef = 9F99BAB5148C544400F2AC6F /* NYTimesWrapperBase.h */; };
		9F99BAB8148C544400F2AC6F /* NYTimesWrapperBase.m in Sources */ = {isa = PBXBuildFile; fileRef = 9F99BAB6148C544400F2AC6F /* NYTimesWrapperBase.m */; };
		9FD7807814AD62C100435C35 /* NYTimesCommunity.h in Headers */ = {isa = PBXBuildFile; fileRef = 9FD7807614AD62C100435C35 /* NYTimesCommunity.h */; };
		9FD7807914AD62C100435C35 /* NYTimesCommunity.m in Sources */ = {isa = PBXBuildFile; fileRef = 9FD7807714AD62C100435C35 /* NYTimesCommunity.m */; };
		9FE48B95148D764200CE008F /* NYTimesBestSeller.h in Headers */ = {isa = PBXBuildFile; fileRef = 9FE48B93148D764200CE008F /* NYTimesBestSeller.h */; };
		9FE48B96148D764200CE008F /* NYTimesBestSeller.m in Sources */ = {isa = PBXBuildFile; fileRef = 9FE48B94148D764200CE008F /* NYTimesBestSeller.m */; };
		9FE48B9C148EFABE00CE008F /* NYTimesCampaignFinance.h in Headers */ = {isa = PBXBuildFile; fileRef = 9FE48B9A148EFABE00CE008F /* NYTimesCampaignFinance.h */; };
		9FE48B9D148EFABE00CE008F /* NYTimesCampaignFinance.m in Sources */ = {isa = PBXBuildFile; fileRef = 9FE48B9B148EFABE00CE008F /* NYTimesCampaignFinance.m */; };
		9FF8A00E148AB65000E470A6 /* NYTimesArticle.h in Headers */ = {isa = PBXBuildFile; fileRef = 9FF8A00C148AB65000E470A6 /* NYTimesArticle.h */; };
		9FF8A00F148AB65000E470A6 /* NYTimesArticle.m in Sources */ = {isa = PBXBuildFile; fileRef = 9FF8A00D148AB65000E470A6 /* NYTimesArticle.m */; };
		9FF8A01E148AC05C00E470A6 /* NSURLConnection+Blocks.h in Headers */ = {isa = PBXBuildFile; fileRef = 9FF8A01C148AC05C00E470A6 /* NSURLConnection+Blocks.h */; };
		9FF8A01F148AC05C00E470A6 /* NSURLConnection+Blocks.m in Sources */ = {isa = PBXBuildFile; fileRef = 9FF8A01D148AC05C00E470A6 /* NSURLConnection+Blocks.m */; };
/* End PBXBuildFile section */

/* Begin PBXContainerItemProxy section */
		9F749C5F1489B016009E1372 /* PBXContainerItemProxy */ = {
			isa = PBXContainerItemProxy;
			containerPortal = 9F749C401489B015009E1372 /* Project object */;
			proxyType = 1;
			remoteGlobalIDString = 9F749C481489B016009E1372;
			remoteInfo = NYTimesWrapper;
		};
/* End PBXContainerItemProxy section */

/* Begin PBXFileReference section */
		9F1F15A114AEB1BF0043AEED /* NYTimesCongress.h */ = {isa = PBXFileReference; fileEncoding = 4; lastKnownFileType = sourcecode.c.h; path = NYTimesCongress.h; sourceTree = "<group>"; };
		9F1F15A214AEB1BF0043AEED /* NYTimesCongress.m */ = {isa = PBXFileReference; fileEncoding = 4; lastKnownFileType = sourcecode.c.objc; path = NYTimesCongress.m; sourceTree = "<group>"; };
		9F1F15A614AEB41C0043AEED /* _Congress.h */ = {isa = PBXFileReference; fileEncoding = 4; lastKnownFileType = sourcecode.c.h; path = _Congress.h; sourceTree = "<group>"; };
		9F1F15A714AEB41C0043AEED /* _Congress.m */ = {isa = PBXFileReference; fileEncoding = 4; lastKnownFileType = sourcecode.c.objc; path = _Congress.m; sourceTree = "<group>"; };
		9F73915C14B52FD20033A1DA /* NYTimesDistricts.h */ = {isa = PBXFileReference; fileEncoding = 4; lastKnownFileType = sourcecode.c.h; path = NYTimesDistricts.h; sourceTree = "<group>"; };
		9F73915D14B52FD20033A1DA /* NYTimesDistricts.m */ = {isa = PBXFileReference; fileEncoding = 4; lastKnownFileType = sourcecode.c.objc; path = NYTimesDistricts.m; sourceTree = "<group>"; };
		9F73916114B532450033A1DA /* _Districts.h */ = {isa = PBXFileReference; fileEncoding = 4; lastKnownFileType = sourcecode.c.h; path = _Districts.h; sourceTree = "<group>"; };
		9F73916214B532450033A1DA /* _Districts.m */ = {isa = PBXFileReference; fileEncoding = 4; lastKnownFileType = sourcecode.c.objc; path = _Districts.m; sourceTree = "<group>"; };
		9F73916514B544EF0033A1DA /* _DistrictsTests.h */ = {isa = PBXFileReference; fileEncoding = 4; lastKnownFileType = sourcecode.c.h; path = _DistrictsTests.h; sourceTree = "<group>"; };
		9F73916614B544EF0033A1DA /* _DistrictsTests.m */ = {isa = PBXFileReference; fileEncoding = 4; lastKnownFileType = sourcecode.c.objc; path = _DistrictsTests.m; sourceTree = "<group>"; };
		9F73916814B54B350033A1DA /* NYTimesEventListings.h */ = {isa = PBXFileReference; fileEncoding = 4; lastKnownFileType = sourcecode.c.h; path = NYTimesEventListings.h; sourceTree = "<group>"; };
		9F73916914B54B350033A1DA /* NYTimesEventListings.m */ = {isa = PBXFileReference; fileEncoding = 4; lastKnownFileType = sourcecode.c.objc; path = NYTimesEventListings.m; sourceTree = "<group>"; };
		9F73916C14B54C340033A1DA /* _EventListings.h */ = {isa = PBXFileReference; fileEncoding = 4; lastKnownFileType = sourcecode.c.h; path = _EventListings.h; sourceTree = "<group>"; };
		9F73916D14B54C340033A1DA /* _EventListings.m */ = {isa = PBXFileReference; fileEncoding = 4; lastKnownFileType = sourcecode.c.objc; path = _EventListings.m; sourceTree = "<group>"; };
		9F73917014B55C4E0033A1DA /* _EventListingsTests.h */ = {isa = PBXFileReference; fileEncoding = 4; lastKnownFileType = sourcecode.c.h; path = _EventListingsTests.h; sourceTree = "<group>"; };
		9F73917114B55C4E0033A1DA /* _EventListingsTests.m */ = {isa = PBXFileReference; fileEncoding = 4; lastKnownFileType = sourcecode.c.objc; path = _EventListingsTests.m; sourceTree = "<group>"; };
		9F749C491489B016009E1372 /* libNYTimesWrapper.a */ = {isa = PBXFileReference; explicitFileType = archive.ar; includeInIndex = 0; path = libNYTimesWrapper.a; sourceTree = BUILT_PRODUCTS_DIR; };
		9F749C4C1489B016009E1372 /* Foundation.framework */ = {isa = PBXFileReference; lastKnownFileType = wrapper.framework; name = Foundation.framework; path = System/Library/Frameworks/Foundation.framework; sourceTree = SDKROOT; };
		9F749C501489B016009E1372 /* NYTimesWrapper-Prefix.pch */ = {isa = PBXFileReference; lastKnownFileType = sourcecode.c.h; path = "NYTimesWrapper-Prefix.pch"; sourceTree = "<group>"; };
		9F749C511489B016009E1372 /* NYTimesWrapper.h */ = {isa = PBXFileReference; lastKnownFileType = sourcecode.c.h; path = NYTimesWrapper.h; sourceTree = "<group>"; };
		9F749C521489B016009E1372 /* NYTimesWrapper.m */ = {isa = PBXFileReference; lastKnownFileType = sourcecode.c.objc; path = NYTimesWrapper.m; sourceTree = "<group>"; };
		9F749C591489B016009E1372 /* NYTimesWrapperTests.octest */ = {isa = PBXFileReference; explicitFileType = wrapper.cfbundle; includeInIndex = 0; path = NYTimesWrapperTests.octest; sourceTree = BUILT_PRODUCTS_DIR; };
		9F749C5A1489B016009E1372 /* SenTestingKit.framework */ = {isa = PBXFileReference; lastKnownFileType = wrapper.framework; name = SenTestingKit.framework; path = Library/Frameworks/SenTestingKit.framework; sourceTree = DEVELOPER_DIR; };
		9F749C5C1489B016009E1372 /* UIKit.framework */ = {isa = PBXFileReference; lastKnownFileType = wrapper.framework; name = UIKit.framework; path = Library/Frameworks/UIKit.framework; sourceTree = DEVELOPER_DIR; };
		9F749C641489B016009E1372 /* NYTimesWrapperTests-Info.plist */ = {isa = PBXFileReference; lastKnownFileType = text.plist.xml; path = "NYTimesWrapperTests-Info.plist"; sourceTree = "<group>"; };
		9F749C661489B016009E1372 /* en */ = {isa = PBXFileReference; lastKnownFileType = text.plist.strings; name = en; path = en.lproj/InfoPlist.strings; sourceTree = "<group>"; };
		9F749C681489B016009E1372 /* NYTimesWrapperTests.h */ = {isa = PBXFileReference; lastKnownFileType = sourcecode.c.h; path = NYTimesWrapperTests.h; sourceTree = "<group>"; };
		9F749C691489B016009E1372 /* NYTimesWrapperTests.m */ = {isa = PBXFileReference; lastKnownFileType = sourcecode.c.objc; path = NYTimesWrapperTests.m; sourceTree = "<group>"; };
		9F7F3F7C14B14D9D00CAA54E /* _CongressTests.h */ = {isa = PBXFileReference; fileEncoding = 4; lastKnownFileType = sourcecode.c.h; path = _CongressTests.h; sourceTree = "<group>"; };
		9F7F3F7D14B14D9D00CAA54E /* _CongressTests.m */ = {isa = PBXFileReference; fileEncoding = 4; lastKnownFileType = sourcecode.c.objc; path = _CongressTests.m; sourceTree = "<group>"; };
		9F99BA7F148BF2A100F2AC6F /* NSObject+SBJson.h */ = {isa = PBXFileReference; fileEncoding = 4; lastKnownFileType = sourcecode.c.h; path = "NSObject+SBJson.h"; sourceTree = "<group>"; };
		9F99BA80148BF2A100F2AC6F /* NSObject+SBJson.m */ = {isa = PBXFileReference; fileEncoding = 4; lastKnownFileType = sourcecode.c.objc; path = "NSObject+SBJson.m"; sourceTree = "<group>"; };
		9F99BA81148BF2A100F2AC6F /* SBJson.h */ = {isa = PBXFileReference; fileEncoding = 4; lastKnownFileType = sourcecode.c.h; path = SBJson.h; sourceTree = "<group>"; };
		9F99BA82148BF2A100F2AC6F /* SBJsonParser.h */ = {isa = PBXFileReference; fileEncoding = 4; lastKnownFileType = sourcecode.c.h; path = SBJsonParser.h; sourceTree = "<group>"; };
		9F99BA83148BF2A100F2AC6F /* SBJsonParser.m */ = {isa = PBXFileReference; fileEncoding = 4; lastKnownFileType = sourcecode.c.objc; path = SBJsonParser.m; sourceTree = "<group>"; };
		9F99BA84148BF2A100F2AC6F /* SBJsonStreamParser.h */ = {isa = PBXFileReference; fileEncoding = 4; lastKnownFileType = sourcecode.c.h; path = SBJsonStreamParser.h; sourceTree = "<group>"; };
		9F99BA85148BF2A100F2AC6F /* SBJsonStreamParser.m */ = {isa = PBXFileReference; fileEncoding = 4; lastKnownFileType = sourcecode.c.objc; path = SBJsonStreamParser.m; sourceTree = "<group>"; };
		9F99BA86148BF2A100F2AC6F /* SBJsonStreamParserAccumulator.h */ = {isa = PBXFileReference; fileEncoding = 4; lastKnownFileType = sourcecode.c.h; path = SBJsonStreamParserAccumulator.h; sourceTree = "<group>"; };
		9F99BA87148BF2A100F2AC6F /* SBJsonStreamParserAccumulator.m */ = {isa = PBXFileReference; fileEncoding = 4; lastKnownFileType = sourcecode.c.objc; path = SBJsonStreamParserAccumulator.m; sourceTree = "<group>"; };
		9F99BA88148BF2A100F2AC6F /* SBJsonStreamParserAdapter.h */ = {isa = PBXFileReference; fileEncoding = 4; lastKnownFileType = sourcecode.c.h; path = SBJsonStreamParserAdapter.h; sourceTree = "<group>"; };
		9F99BA89148BF2A100F2AC6F /* SBJsonStreamParserAdapter.m */ = {isa = PBXFileReference; fileEncoding = 4; lastKnownFileType = sourcecode.c.objc; path = SBJsonStreamParserAdapter.m; sourceTree = "<group>"; };
		9F99BA8A148BF2A100F2AC6F /* SBJsonStreamParserState.h */ = {isa = PBXFileReference; fileEncoding = 4; lastKnownFileType = sourcecode.c.h; path = SBJsonStreamParserState.h; sourceTree = "<group>"; };
		9F99BA8B148BF2A100F2AC6F /* SBJsonStreamParserState.m */ = {isa = PBXFileReference; fileEncoding = 4; lastKnownFileType = sourcecode.c.objc; path = SBJsonStreamParserState.m; sourceTree = "<group>"; };
		9F99BA8C148BF2A100F2AC6F /* SBJsonStreamWriter.h */ = {isa = PBXFileReference; fileEncoding = 4; lastKnownFileType = sourcecode.c.h; path = SBJsonStreamWriter.h; sourceTree = "<group>"; };
		9F99BA8D148BF2A100F2AC6F /* SBJsonStreamWriter.m */ = {isa = PBXFileReference; fileEncoding = 4; lastKnownFileType = sourcecode.c.objc; path = SBJsonStreamWriter.m; sourceTree = "<group>"; };
		9F99BA8E148BF2A100F2AC6F /* SBJsonStreamWriterAccumulator.h */ = {isa = PBXFileReference; fileEncoding = 4; lastKnownFileType = sourcecode.c.h; path = SBJsonStreamWriterAccumulator.h; sourceTree = "<group>"; };
		9F99BA8F148BF2A100F2AC6F /* SBJsonStreamWriterAccumulator.m */ = {isa = PBXFileReference; fileEncoding = 4; lastKnownFileType = sourcecode.c.objc; path = SBJsonStreamWriterAccumulator.m; sourceTree = "<group>"; };
		9F99BA90148BF2A100F2AC6F /* SBJsonStreamWriterState.h */ = {isa = PBXFileReference; fileEncoding = 4; lastKnownFileType = sourcecode.c.h; path = SBJsonStreamWriterState.h; sourceTree = "<group>"; };
		9F99BA91148BF2A100F2AC6F /* SBJsonStreamWriterState.m */ = {isa = PBXFileReference; fileEncoding = 4; lastKnownFileType = sourcecode.c.objc; path = SBJsonStreamWriterState.m; sourceTree = "<group>"; };
		9F99BA92148BF2A100F2AC6F /* SBJsonTokeniser.h */ = {isa = PBXFileReference; fileEncoding = 4; lastKnownFileType = sourcecode.c.h; path = SBJsonTokeniser.h; sourceTree = "<group>"; };
		9F99BA93148BF2A100F2AC6F /* SBJsonTokeniser.m */ = {isa = PBXFileReference; fileEncoding = 4; lastKnownFileType = sourcecode.c.objc; path = SBJsonTokeniser.m; sourceTree = "<group>"; };
		9F99BA94148BF2A100F2AC6F /* SBJsonUTF8Stream.h */ = {isa = PBXFileReference; fileEncoding = 4; lastKnownFileType = sourcecode.c.h; path = SBJsonUTF8Stream.h; sourceTree = "<group>"; };
		9F99BA95148BF2A100F2AC6F /* SBJsonUTF8Stream.m */ = {isa = PBXFileReference; fileEncoding = 4; lastKnownFileType = sourcecode.c.objc; path = SBJsonUTF8Stream.m; sourceTree = "<group>"; };
		9F99BA96148BF2A100F2AC6F /* SBJsonWriter.h */ = {isa = PBXFileReference; fileEncoding = 4; lastKnownFileType = sourcecode.c.h; path = SBJsonWriter.h; sourceTree = "<group>"; };
		9F99BA97148BF2A100F2AC6F /* SBJsonWriter.m */ = {isa = PBXFileReference; fileEncoding = 4; lastKnownFileType = sourcecode.c.objc; path = SBJsonWriter.m; sourceTree = "<group>"; };
		9F99BAB5148C544400F2AC6F /* NYTimesWrapperBase.h */ = {isa = PBXFileReference; fileEncoding = 4; lastKnownFileType = sourcecode.c.h; path = NYTimesWrapperBase.h; sourceTree = "<group>"; };
		9F99BAB6148C544400F2AC6F /* NYTimesWrapperBase.m */ = {isa = PBXFileReference; fileEncoding = 4; lastKnownFileType = sourcecode.c.objc; path = NYTimesWrapperBase.m; sourceTree = "<group>"; };
		9FD7807614AD62C100435C35 /* NYTimesCommunity.h */ = {isa = PBXFileReference; fileEncoding = 4; lastKnownFileType = sourcecode.c.h; path = NYTimesCommunity.h; sourceTree = "<group>"; };
		9FD7807714AD62C100435C35 /* NYTimesCommunity.m */ = {isa = PBXFileReference; fileEncoding = 4; lastKnownFileType = sourcecode.c.objc; path = NYTimesCommunity.m; sourceTree = "<group>"; };
		9FE48B93148D764200CE008F /* NYTimesBestSeller.h */ = {isa = PBXFileReference; fileEncoding = 4; lastKnownFileType = sourcecode.c.h; path = NYTimesBestSeller.h; sourceTree = "<group>"; };
		9FE48B94148D764200CE008F /* NYTimesBestSeller.m */ = {isa = PBXFileReference; fileEncoding = 4; lastKnownFileType = sourcecode.c.objc; path = NYTimesBestSeller.m; sourceTree = "<group>"; };
		9FE48B9A148EFABE00CE008F /* NYTimesCampaignFinance.h */ = {isa = PBXFileReference; fileEncoding = 4; lastKnownFileType = sourcecode.c.h; path = NYTimesCampaignFinance.h; sourceTree = "<group>"; };
		9FE48B9B148EFABE00CE008F /* NYTimesCampaignFinance.m */ = {isa = PBXFileReference; fileEncoding = 4; lastKnownFileType = sourcecode.c.objc; path = NYTimesCampaignFinance.m; sourceTree = "<group>"; };
		9FF8A00C148AB65000E470A6 /* NYTimesArticle.h */ = {isa = PBXFileReference; fileEncoding = 4; lastKnownFileType = sourcecode.c.h; path = NYTimesArticle.h; sourceTree = "<group>"; };
		9FF8A00D148AB65000E470A6 /* NYTimesArticle.m */ = {isa = PBXFileReference; fileEncoding = 4; lastKnownFileType = sourcecode.c.objc; path = NYTimesArticle.m; sourceTree = "<group>"; };
		9FF8A01C148AC05C00E470A6 /* NSURLConnection+Blocks.h */ = {isa = PBXFileReference; fileEncoding = 4; lastKnownFileType = sourcecode.c.h; path = "NSURLConnection+Blocks.h"; sourceTree = "<group>"; };
		9FF8A01D148AC05C00E470A6 /* NSURLConnection+Blocks.m */ = {isa = PBXFileReference; fileEncoding = 4; lastKnownFileType = sourcecode.c.objc; path = "NSURLConnection+Blocks.m"; sourceTree = "<group>"; };
/* End PBXFileReference section */

/* Begin PBXFrameworksBuildPhase section */
		9F749C461489B016009E1372 /* Frameworks */ = {
			isa = PBXFrameworksBuildPhase;
			buildActionMask = 2147483647;
			files = (
				9F749C4D1489B016009E1372 /* Foundation.framework in Frameworks */,
			);
			runOnlyForDeploymentPostprocessing = 0;
		};
		9F749C551489B016009E1372 /* Frameworks */ = {
			isa = PBXFrameworksBuildPhase;
			buildActionMask = 2147483647;
			files = (
				9F749C5B1489B016009E1372 /* SenTestingKit.framework in Frameworks */,
				9F749C5D1489B016009E1372 /* UIKit.framework in Frameworks */,
				9F749C5E1489B016009E1372 /* Foundation.framework in Frameworks */,
				9F749C611489B016009E1372 /* libNYTimesWrapper.a in Frameworks */,
			);
			runOnlyForDeploymentPostprocessing = 0;
		};
/* End PBXFrameworksBuildPhase section */

/* Begin PBXGroup section */
		9F749C3E1489B015009E1372 = {
			isa = PBXGroup;
			children = (
				9F99BA7E148BF2A100F2AC6F /* JSON */,
				9F749C4E1489B016009E1372 /* NYTimesWrapper */,
				9F749C621489B016009E1372 /* NYTimesWrapperTests */,
				9F749C4B1489B016009E1372 /* Frameworks */,
				9F749C4A1489B016009E1372 /* Products */,
			);
			sourceTree = "<group>";
		};
		9F749C4A1489B016009E1372 /* Products */ = {
			isa = PBXGroup;
			children = (
				9F749C491489B016009E1372 /* libNYTimesWrapper.a */,
				9F749C591489B016009E1372 /* NYTimesWrapperTests.octest */,
			);
			name = Products;
			sourceTree = "<group>";
		};
		9F749C4B1489B016009E1372 /* Frameworks */ = {
			isa = PBXGroup;
			children = (
				9F749C4C1489B016009E1372 /* Foundation.framework */,
				9F749C5A1489B016009E1372 /* SenTestingKit.framework */,
				9F749C5C1489B016009E1372 /* UIKit.framework */,
			);
			name = Frameworks;
			sourceTree = "<group>";
		};
		9F749C4E1489B016009E1372 /* NYTimesWrapper */ = {
			isa = PBXGroup;
			children = (
				9F99BAB5148C544400F2AC6F /* NYTimesWrapperBase.h */,
				9F99BAB6148C544400F2AC6F /* NYTimesWrapperBase.m */,
				9F749C511489B016009E1372 /* NYTimesWrapper.h */,
				9F749C521489B016009E1372 /* NYTimesWrapper.m */,
				9FF8A00C148AB65000E470A6 /* NYTimesArticle.h */,
				9FF8A00D148AB65000E470A6 /* NYTimesArticle.m */,
				9FE48B93148D764200CE008F /* NYTimesBestSeller.h */,
				9FE48B94148D764200CE008F /* NYTimesBestSeller.m */,
				9FE48B9A148EFABE00CE008F /* NYTimesCampaignFinance.h */,
				9FE48B9B148EFABE00CE008F /* NYTimesCampaignFinance.m */,
				9FD7807614AD62C100435C35 /* NYTimesCommunity.h */,
				9FD7807714AD62C100435C35 /* NYTimesCommunity.m */,
				9F1F15A114AEB1BF0043AEED /* NYTimesCongress.h */,
				9F1F15A214AEB1BF0043AEED /* NYTimesCongress.m */,
				9F73915C14B52FD20033A1DA /* NYTimesDistricts.h */,
				9F73915D14B52FD20033A1DA /* NYTimesDistricts.m */,
				9F73916814B54B350033A1DA /* NYTimesEventListings.h */,
				9F73916914B54B350033A1DA /* NYTimesEventListings.m */,
				9F73916C14B54C340033A1DA /* _EventListings.h */,
				9F73916D14B54C340033A1DA /* _EventListings.m */,
				9F73916114B532450033A1DA /* _Districts.h */,
				9F73916214B532450033A1DA /* _Districts.m */,
				9F1F15A614AEB41C0043AEED /* _Congress.h */,
				9F1F15A714AEB41C0043AEED /* _Congress.m */,
				9FF8A020148ACE2600E470A6 /* Utilities */,
				9F749C4F1489B016009E1372 /* Supporting Files */,
			);
			path = NYTimesWrapper;
			sourceTree = "<group>";
		};
		9F749C4F1489B016009E1372 /* Supporting Files */ = {
			isa = PBXGroup;
			children = (
				9F749C501489B016009E1372 /* NYTimesWrapper-Prefix.pch */,
			);
			name = "Supporting Files";
			sourceTree = "<group>";
		};
		9F749C621489B016009E1372 /* NYTimesWrapperTests */ = {
			isa = PBXGroup;
			children = (
				9F749C681489B016009E1372 /* NYTimesWrapperTests.h */,
				9F749C691489B016009E1372 /* NYTimesWrapperTests.m */,
				9F7F3F7C14B14D9D00CAA54E /* _CongressTests.h */,
				9F7F3F7D14B14D9D00CAA54E /* _CongressTests.m */,
				9F73916514B544EF0033A1DA /* _DistrictsTests.h */,
				9F73916614B544EF0033A1DA /* _DistrictsTests.m */,
				9F73917014B55C4E0033A1DA /* _EventListingsTests.h */,
				9F73917114B55C4E0033A1DA /* _EventListingsTests.m */,
				9F749C631489B016009E1372 /* Supporting Files */,
			);
			path = NYTimesWrapperTests;
			sourceTree = "<group>";
		};
		9F749C631489B016009E1372 /* Supporting Files */ = {
			isa = PBXGroup;
			children = (
				9F749C641489B016009E1372 /* NYTimesWrapperTests-Info.plist */,
				9F749C651489B016009E1372 /* InfoPlist.strings */,
			);
			name = "Supporting Files";
			sourceTree = "<group>";
		};
		9F99BA7E148BF2A100F2AC6F /* JSON */ = {
			isa = PBXGroup;
			children = (
				9F99BA7F148BF2A100F2AC6F /* NSObject+SBJson.h */,
				9F99BA80148BF2A100F2AC6F /* NSObject+SBJson.m */,
				9F99BA81148BF2A100F2AC6F /* SBJson.h */,
				9F99BA82148BF2A100F2AC6F /* SBJsonParser.h */,
				9F99BA83148BF2A100F2AC6F /* SBJsonParser.m */,
				9F99BA84148BF2A100F2AC6F /* SBJsonStreamParser.h */,
				9F99BA85148BF2A100F2AC6F /* SBJsonStreamParser.m */,
				9F99BA86148BF2A100F2AC6F /* SBJsonStreamParserAccumulator.h */,
				9F99BA87148BF2A100F2AC6F /* SBJsonStreamParserAccumulator.m */,
				9F99BA88148BF2A100F2AC6F /* SBJsonStreamParserAdapter.h */,
				9F99BA89148BF2A100F2AC6F /* SBJsonStreamParserAdapter.m */,
				9F99BA8A148BF2A100F2AC6F /* SBJsonStreamParserState.h */,
				9F99BA8B148BF2A100F2AC6F /* SBJsonStreamParserState.m */,
				9F99BA8C148BF2A100F2AC6F /* SBJsonStreamWriter.h */,
				9F99BA8D148BF2A100F2AC6F /* SBJsonStreamWriter.m */,
				9F99BA8E148BF2A100F2AC6F /* SBJsonStreamWriterAccumulator.h */,
				9F99BA8F148BF2A100F2AC6F /* SBJsonStreamWriterAccumulator.m */,
				9F99BA90148BF2A100F2AC6F /* SBJsonStreamWriterState.h */,
				9F99BA91148BF2A100F2AC6F /* SBJsonStreamWriterState.m */,
				9F99BA92148BF2A100F2AC6F /* SBJsonTokeniser.h */,
				9F99BA93148BF2A100F2AC6F /* SBJsonTokeniser.m */,
				9F99BA94148BF2A100F2AC6F /* SBJsonUTF8Stream.h */,
				9F99BA95148BF2A100F2AC6F /* SBJsonUTF8Stream.m */,
				9F99BA96148BF2A100F2AC6F /* SBJsonWriter.h */,
				9F99BA97148BF2A100F2AC6F /* SBJsonWriter.m */,
			);
			name = JSON;
			path = Classes;
			sourceTree = "<group>";
		};
		9FF8A020148ACE2600E470A6 /* Utilities */ = {
			isa = PBXGroup;
			children = (
				9FF8A01C148AC05C00E470A6 /* NSURLConnection+Blocks.h */,
				9FF8A01D148AC05C00E470A6 /* NSURLConnection+Blocks.m */,
			);
			name = Utilities;
			sourceTree = "<group>";
		};
/* End PBXGroup section */

/* Begin PBXHeadersBuildPhase section */
		9F749C471489B016009E1372 /* Headers */ = {
			isa = PBXHeadersBuildPhase;
			buildActionMask = 2147483647;
			files = (
				9FF8A00E148AB65000E470A6 /* NYTimesArticle.h in Headers */,
				9FF8A01E148AC05C00E470A6 /* NSURLConnection+Blocks.h in Headers */,
				9F99BA98148BF2A100F2AC6F /* NSObject+SBJson.h in Headers */,
				9F99BA9A148BF2A100F2AC6F /* SBJson.h in Headers */,
				9F99BA9B148BF2A100F2AC6F /* SBJsonParser.h in Headers */,
				9F99BA9D148BF2A100F2AC6F /* SBJsonStreamParser.h in Headers */,
				9F99BA9F148BF2A100F2AC6F /* SBJsonStreamParserAccumulator.h in Headers */,
				9F99BAA1148BF2A100F2AC6F /* SBJsonStreamParserAdapter.h in Headers */,
				9F99BAA3148BF2A100F2AC6F /* SBJsonStreamParserState.h in Headers */,
				9F99BAA5148BF2A100F2AC6F /* SBJsonStreamWriter.h in Headers */,
				9F99BAA7148BF2A100F2AC6F /* SBJsonStreamWriterAccumulator.h in Headers */,
				9F99BAA9148BF2A100F2AC6F /* SBJsonStreamWriterState.h in Headers */,
				9F99BAAB148BF2A100F2AC6F /* SBJsonTokeniser.h in Headers */,
				9F99BAAD148BF2A100F2AC6F /* SBJsonUTF8Stream.h in Headers */,
				9F99BAAF148BF2A100F2AC6F /* SBJsonWriter.h in Headers */,
				9F99BAB7148C544400F2AC6F /* NYTimesWrapperBase.h in Headers */,
				9FE48B95148D764200CE008F /* NYTimesBestSeller.h in Headers */,
				9FE48B9C148EFABE00CE008F /* NYTimesCampaignFinance.h in Headers */,
				9FD7807814AD62C100435C35 /* NYTimesCommunity.h in Headers */,
				9F1F15A314AEB1BF0043AEED /* NYTimesCongress.h in Headers */,
				9F1F15A814AEB41C0043AEED /* _Congress.h in Headers */,
				9F73915E14B52FD20033A1DA /* NYTimesDistricts.h in Headers */,
				9F73916314B532450033A1DA /* _Districts.h in Headers */,
				9F73916A14B54B350033A1DA /* NYTimesEventListings.h in Headers */,
				9F73916E14B54C340033A1DA /* _EventListings.h in Headers */,
			);
			runOnlyForDeploymentPostprocessing = 0;
		};
/* End PBXHeadersBuildPhase section */

/* Begin PBXNativeTarget section */
		9F749C481489B016009E1372 /* NYTimesWrapper */ = {
			isa = PBXNativeTarget;
			buildConfigurationList = 9F749C6D1489B016009E1372 /* Build configuration list for PBXNativeTarget "NYTimesWrapper" */;
			buildPhases = (
				9F749C451489B016009E1372 /* Sources */,
				9F749C461489B016009E1372 /* Frameworks */,
				9F749C471489B016009E1372 /* Headers */,
			);
			buildRules = (
			);
			dependencies = (
			);
			name = NYTimesWrapper;
			productName = NYTimesWrapper;
			productReference = 9F749C491489B016009E1372 /* libNYTimesWrapper.a */;
			productType = "com.apple.product-type.library.static";
		};
		9F749C581489B016009E1372 /* NYTimesWrapperTests */ = {
			isa = PBXNativeTarget;
			buildConfigurationList = 9F749C701489B016009E1372 /* Build configuration list for PBXNativeTarget "NYTimesWrapperTests" */;
			buildPhases = (
				9F749C541489B016009E1372 /* Sources */,
				9F749C551489B016009E1372 /* Frameworks */,
				9F749C561489B016009E1372 /* Resources */,
				9F749C571489B016009E1372 /* ShellScript */,
			);
			buildRules = (
			);
			dependencies = (
				9F749C601489B016009E1372 /* PBXTargetDependency */,
			);
			name = NYTimesWrapperTests;
			productName = NYTimesWrapperTests;
			productReference = 9F749C591489B016009E1372 /* NYTimesWrapperTests.octest */;
			productType = "com.apple.product-type.bundle";
		};
/* End PBXNativeTarget section */

/* Begin PBXProject section */
		9F749C401489B015009E1372 /* Project object */ = {
			isa = PBXProject;
			attributes = {
				LastUpgradeCheck = 0420;
				ORGANIZATIONNAME = "Freelance Consultant";
			};
			buildConfigurationList = 9F749C431489B015009E1372 /* Build configuration list for PBXProject "NYTimesWrapper" */;
			compatibilityVersion = "Xcode 3.2";
			developmentRegion = English;
			hasScannedForEncodings = 0;
			knownRegions = (
				en,
				English,
			);
			mainGroup = 9F749C3E1489B015009E1372;
			productRefGroup = 9F749C4A1489B016009E1372 /* Products */;
			projectDirPath = "";
			projectRoot = "";
			targets = (
				9F749C481489B016009E1372 /* NYTimesWrapper */,
				9F749C581489B016009E1372 /* NYTimesWrapperTests */,
			);
		};
/* End PBXProject section */

/* Begin PBXResourcesBuildPhase section */
		9F749C561489B016009E1372 /* Resources */ = {
			isa = PBXResourcesBuildPhase;
			buildActionMask = 2147483647;
			files = (
				9F749C671489B016009E1372 /* InfoPlist.strings in Resources */,
			);
			runOnlyForDeploymentPostprocessing = 0;
		};
/* End PBXResourcesBuildPhase section */

/* Begin PBXShellScriptBuildPhase section */
		9F749C571489B016009E1372 /* ShellScript */ = {
			isa = PBXShellScriptBuildPhase;
			buildActionMask = 2147483647;
			files = (
			);
			inputPaths = (
			);
			outputPaths = (
			);
			runOnlyForDeploymentPostprocessing = 0;
			shellPath = /bin/sh;
			shellScript = "# Run the unit tests in this test bundle.\n\"${SYSTEM_DEVELOPER_DIR}/Tools/RunUnitTests\"\n";
		};
/* End PBXShellScriptBuildPhase section */

/* Begin PBXSourcesBuildPhase section */
		9F749C451489B016009E1372 /* Sources */ = {
			isa = PBXSourcesBuildPhase;
			buildActionMask = 2147483647;
			files = (
				9F749C531489B016009E1372 /* NYTimesWrapper.m in Sources */,
				9FF8A00F148AB65000E470A6 /* NYTimesArticle.m in Sources */,
				9FF8A01F148AC05C00E470A6 /* NSURLConnection+Blocks.m in Sources */,
				9F99BA99148BF2A100F2AC6F /* NSObject+SBJson.m in Sources */,
				9F99BA9C148BF2A100F2AC6F /* SBJsonParser.m in Sources */,
				9F99BA9E148BF2A100F2AC6F /* SBJsonStreamParser.m in Sources */,
				9F99BAA0148BF2A100F2AC6F /* SBJsonStreamParserAccumulator.m in Sources */,
				9F99BAA2148BF2A100F2AC6F /* SBJsonStreamParserAdapter.m in Sources */,
				9F99BAA4148BF2A100F2AC6F /* SBJsonStreamParserState.m in Sources */,
				9F99BAA6148BF2A100F2AC6F /* SBJsonStreamWriter.m in Sources */,
				9F99BAA8148BF2A100F2AC6F /* SBJsonStreamWriterAccumulator.m in Sources */,
				9F99BAAA148BF2A100F2AC6F /* SBJsonStreamWriterState.m in Sources */,
				9F99BAAC148BF2A100F2AC6F /* SBJsonTokeniser.m in Sources */,
				9F99BAAE148BF2A100F2AC6F /* SBJsonUTF8Stream.m in Sources */,
				9F99BAB0148BF2A100F2AC6F /* SBJsonWriter.m in Sources */,
				9F99BAB8148C544400F2AC6F /* NYTimesWrapperBase.m in Sources */,
				9FE48B96148D764200CE008F /* NYTimesBestSeller.m in Sources */,
				9FE48B9D148EFABE00CE008F /* NYTimesCampaignFinance.m in Sources */,
				9FD7807914AD62C100435C35 /* NYTimesCommunity.m in Sources */,
				9F1F15A414AEB1BF0043AEED /* NYTimesCongress.m in Sources */,
				9F1F15A914AEB41C0043AEED /* _Congress.m in Sources */,
				9F73915F14B52FD20033A1DA /* NYTimesDistricts.m in Sources */,
				9F73916414B532450033A1DA /* _Districts.m in Sources */,
				9F73916B14B54B350033A1DA /* NYTimesEventListings.m in Sources */,
				9F73916F14B54C340033A1DA /* _EventListings.m in Sources */,
			);
			runOnlyForDeploymentPostprocessing = 0;
		};
		9F749C541489B016009E1372 /* Sources */ = {
			isa = PBXSourcesBuildPhase;
			buildActionMask = 2147483647;
			files = (
				9F749C6A1489B016009E1372 /* NYTimesWrapperTests.m in Sources */,
				9F7F3F7E14B14D9D00CAA54E /* _CongressTests.m in Sources */,
				9F73916714B544EF0033A1DA /* _DistrictsTests.m in Sources */,
				9F73917214B55C4E0033A1DA /* _EventListingsTests.m in Sources */,
			);
			runOnlyForDeploymentPostprocessing = 0;
		};
/* End PBXSourcesBuildPhase section */

/* Begin PBXTargetDependency section */
		9F749C601489B016009E1372 /* PBXTargetDependency */ = {
			isa = PBXTargetDependency;
			target = 9F749C481489B016009E1372 /* NYTimesWrapper */;
			targetProxy = 9F749C5F1489B016009E1372 /* PBXContainerItemProxy */;
		};
/* End PBXTargetDependency section */

/* Begin PBXVariantGroup section */
		9F749C651489B016009E1372 /* InfoPlist.strings */ = {
			isa = PBXVariantGroup;
			children = (
				9F749C661489B016009E1372 /* en */,
			);
			name = InfoPlist.strings;
			sourceTree = "<group>";
		};
/* End PBXVariantGroup section */

/* Begin XCBuildConfiguration section */
		9F749C6B1489B016009E1372 /* Debug */ = {
			isa = XCBuildConfiguration;
			buildSettings = {
				ALWAYS_SEARCH_USER_PATHS = NO;
				ARCHS = "$(ARCHS_STANDARD_32_BIT)";
				COPY_PHASE_STRIP = NO;
				GCC_C_LANGUAGE_STANDARD = gnu99;
				GCC_DYNAMIC_NO_PIC = NO;
				GCC_OPTIMIZATION_LEVEL = 0;
				GCC_PREPROCESSOR_DEFINITIONS = (
					"DEBUG=1",
					"$(inherited)",
				);
				GCC_SYMBOLS_PRIVATE_EXTERN = NO;
				GCC_VERSION = com.apple.compilers.llvm.clang.1_0;
				GCC_WARN_ABOUT_MISSING_PROTOTYPES = YES;
				GCC_WARN_ABOUT_RETURN_TYPE = YES;
				GCC_WARN_UNUSED_VARIABLE = YES;
				IPHONEOS_DEPLOYMENT_TARGET = 5.0;
				OTHER_LDFLAGS = "";
				SDKROOT = iphoneos;
			};
			name = Debug;
		};
		9F749C6C1489B016009E1372 /* Release */ = {
			isa = XCBuildConfiguration;
			buildSettings = {
				ALWAYS_SEARCH_USER_PATHS = NO;
				ARCHS = "$(ARCHS_STANDARD_32_BIT)";
				COPY_PHASE_STRIP = YES;
				GCC_C_LANGUAGE_STANDARD = gnu99;
				GCC_VERSION = com.apple.compilers.llvm.clang.1_0;
				GCC_WARN_ABOUT_MISSING_PROTOTYPES = YES;
				GCC_WARN_ABOUT_RETURN_TYPE = YES;
				GCC_WARN_UNUSED_VARIABLE = YES;
				IPHONEOS_DEPLOYMENT_TARGET = 5.0;
				OTHER_LDFLAGS = "";
				SDKROOT = iphoneos;
				VALIDATE_PRODUCT = YES;
			};
			name = Release;
		};
		9F749C6E1489B016009E1372 /* Debug */ = {
			isa = XCBuildConfiguration;
			buildSettings = {
				DSTROOT = /tmp/NYTimesWrapper.dst;
				GCC_PRECOMPILE_PREFIX_HEADER = YES;
				GCC_PREFIX_HEADER = "NYTimesWrapper/NYTimesWrapper-Prefix.pch";
				OTHER_LDFLAGS = "-ObjC";
				PRODUCT_NAME = "$(TARGET_NAME)";
				SKIP_INSTALL = YES;
			};
			name = Debug;
		};
		9F749C6F1489B016009E1372 /* Release */ = {
			isa = XCBuildConfiguration;
			buildSettings = {
				DSTROOT = /tmp/NYTimesWrapper.dst;
				GCC_PRECOMPILE_PREFIX_HEADER = YES;
				GCC_PREFIX_HEADER = "NYTimesWrapper/NYTimesWrapper-Prefix.pch";
				OTHER_LDFLAGS = "-ObjC";
				PRODUCT_NAME = "$(TARGET_NAME)";
				SKIP_INSTALL = YES;
			};
			name = Release;
		};
		9F749C711489B016009E1372 /* Debug */ = {
			isa = XCBuildConfiguration;
			buildSettings = {
				FRAMEWORK_SEARCH_PATHS = (
					"$(SDKROOT)/Developer/Library/Frameworks",
					"$(DEVELOPER_LIBRARY_DIR)/Frameworks",
				);
				GCC_PRECOMPILE_PREFIX_HEADER = YES;
				GCC_PREFIX_HEADER = "NYTimesWrapper/NYTimesWrapper-Prefix.pch";
				INFOPLIST_FILE = "NYTimesWrapperTests/NYTimesWrapperTests-Info.plist";
				OTHER_LDFLAGS = "-ObjC";
				PRODUCT_NAME = "$(TARGET_NAME)";
				WRAPPER_EXTENSION = octest;
			};
			name = Debug;
		};
		9F749C721489B016009E1372 /* Release */ = {
			isa = XCBuildConfiguration;
			buildSettings = {
				FRAMEWORK_SEARCH_PATHS = (
					"$(SDKROOT)/Developer/Library/Frameworks",
					"$(DEVELOPER_LIBRARY_DIR)/Frameworks",
				);
				GCC_PRECOMPILE_PREFIX_HEADER = YES;
				GCC_PREFIX_HEADER = "NYTimesWrapper/NYTimesWrapper-Prefix.pch";
				INFOPLIST_FILE = "NYTimesWrapperTests/NYTimesWrapperTests-Info.plist";
				OTHER_LDFLAGS = "-ObjC";
				PRODUCT_NAME = "$(TARGET_NAME)";
				WRAPPER_EXTENSION = octest;
			};
			name = Release;
		};
/* End XCBuildConfiguration section */

/* Begin XCConfigurationList section */
		9F749C431489B015009E1372 /* Build configuration list for PBXProject "NYTimesWrapper" */ = {
			isa = XCConfigurationList;
			buildConfigurations = (
				9F749C6B1489B016009E1372 /* Debug */,
				9F749C6C1489B016009E1372 /* Release */,
			);
			defaultConfigurationIsVisible = 0;
			defaultConfigurationName = Release;
		};
		9F749C6D1489B016009E1372 /* Build configuration list for PBXNativeTarget "NYTimesWrapper" */ = {
			isa = XCConfigurationList;
			buildConfigurations = (
				9F749C6E1489B016009E1372 /* Debug */,
				9F749C6F1489B016009E1372 /* Release */,
			);
			defaultConfigurationIsVisible = 0;
			defaultConfigurationName = Release;
		};
		9F749C701489B016009E1372 /* Build configuration list for PBXNativeTarget "NYTimesWrapperTests" */ = {
			isa = XCConfigurationList;
			buildConfigurations = (
				9F749C711489B016009E1372 /* Debug */,
				9F749C721489B016009E1372 /* Release */,
			);
			defaultConfigurationIsVisible = 0;
			defaultConfigurationName = Release;
		};
/* End XCConfigurationList section */
	};
	rootObject = 9F749C401489B015009E1372 /* Project object */;
}
